// !$*UTF8*$!
{
	archiveVersion = 1;
	classes = {
	};
	objectVersion = 48;
	objects = {

/* Begin PBXBuildFile section */
		65D2807020199902008615AD /* AppDelegate.swift in Sources */ = {isa = PBXBuildFile; fileRef = 65D2806F20199902008615AD /* AppDelegate.swift */; };
		65D2807220199902008615AD /* ViewController.swift in Sources */ = {isa = PBXBuildFile; fileRef = 65D2807120199902008615AD /* ViewController.swift */; };
		65D2807520199903008615AD /* Main.storyboard in Resources */ = {isa = PBXBuildFile; fileRef = 65D2807320199903008615AD /* Main.storyboard */; };
		65D2807720199903008615AD /* Assets.xcassets in Resources */ = {isa = PBXBuildFile; fileRef = 65D2807620199903008615AD /* Assets.xcassets */; };
		65D2807A20199903008615AD /* LaunchScreen.storyboard in Resources */ = {isa = PBXBuildFile; fileRef = 65D2807820199903008615AD /* LaunchScreen.storyboard */; };
		EFF4BAEFB0DD4DEF717EA4E5 /* libPods-SampleLocalzDriverApp-Swift.a in Frameworks */ = {isa = PBXBuildFile; fileRef = 1D3C4E80EEBF5F8826D42EBF /* libPods-SampleLocalzDriverApp-Swift.a */; };
/* End PBXBuildFile section */

/* Begin PBXFileReference section */
		1D3C4E80EEBF5F8826D42EBF /* libPods-SampleLocalzDriverApp-Swift.a */ = {isa = PBXFileReference; explicitFileType = archive.ar; includeInIndex = 0; path = "libPods-SampleLocalzDriverApp-Swift.a"; sourceTree = BUILT_PRODUCTS_DIR; };
		38B011993EEBB6B1773037AE /* Pods-SampleLocalzDriverApp-Swift.release.xcconfig */ = {isa = PBXFileReference; includeInIndex = 1; lastKnownFileType = text.xcconfig; name = "Pods-SampleLocalzDriverApp-Swift.release.xcconfig"; path = "Pods/Target Support Files/Pods-SampleLocalzDriverApp-Swift/Pods-SampleLocalzDriverApp-Swift.release.xcconfig"; sourceTree = "<group>"; };
		65D2806C20199902008615AD /* SampleLocalzDriverApp-Swift.app */ = {isa = PBXFileReference; explicitFileType = wrapper.application; includeInIndex = 0; path = "SampleLocalzDriverApp-Swift.app"; sourceTree = BUILT_PRODUCTS_DIR; };
		65D2806F20199902008615AD /* AppDelegate.swift */ = {isa = PBXFileReference; lastKnownFileType = sourcecode.swift; path = AppDelegate.swift; sourceTree = "<group>"; };
		65D2807120199902008615AD /* ViewController.swift */ = {isa = PBXFileReference; lastKnownFileType = sourcecode.swift; path = ViewController.swift; sourceTree = "<group>"; };
		65D2807420199903008615AD /* Base */ = {isa = PBXFileReference; lastKnownFileType = file.storyboard; name = Base; path = Base.lproj/Main.storyboard; sourceTree = "<group>"; };
		65D2807620199903008615AD /* Assets.xcassets */ = {isa = PBXFileReference; lastKnownFileType = folder.assetcatalog; path = Assets.xcassets; sourceTree = "<group>"; };
		65D2807920199903008615AD /* Base */ = {isa = PBXFileReference; lastKnownFileType = file.storyboard; name = Base; path = Base.lproj/LaunchScreen.storyboard; sourceTree = "<group>"; };
		65D2807B20199904008615AD /* Info.plist */ = {isa = PBXFileReference; lastKnownFileType = text.plist.xml; path = Info.plist; sourceTree = "<group>"; };
		65D2808120199A0A008615AD /* BridgingHeader.h */ = {isa = PBXFileReference; lastKnownFileType = sourcecode.c.h; path = BridgingHeader.h; sourceTree = "<group>"; };
		65D280822019A306008615AD /* SampleLocalzDriverApp-Swift.entitlements */ = {isa = PBXFileReference; lastKnownFileType = text.plist.entitlements; path = "SampleLocalzDriverApp-Swift.entitlements"; sourceTree = "<group>"; };
		F7880C97EAA1C0A7DA75DD2F /* Pods-SampleLocalzDriverApp-Swift.debug.xcconfig */ = {isa = PBXFileReference; includeInIndex = 1; lastKnownFileType = text.xcconfig; name = "Pods-SampleLocalzDriverApp-Swift.debug.xcconfig"; path = "Pods/Target Support Files/Pods-SampleLocalzDriverApp-Swift/Pods-SampleLocalzDriverApp-Swift.debug.xcconfig"; sourceTree = "<group>"; };
/* End PBXFileReference section */

/* Begin PBXFrameworksBuildPhase section */
		65D2806920199902008615AD /* Frameworks */ = {
			isa = PBXFrameworksBuildPhase;
			buildActionMask = 2147483647;
			files = (
				EFF4BAEFB0DD4DEF717EA4E5 /* libPods-SampleLocalzDriverApp-Swift.a in Frameworks */,
			);
			runOnlyForDeploymentPostprocessing = 0;
		};
/* End PBXFrameworksBuildPhase section */

/* Begin PBXGroup section */
		063A0A1F2260A34E675BF395 /* Frameworks */ = {
			isa = PBXGroup;
			children = (
				1D3C4E80EEBF5F8826D42EBF /* libPods-SampleLocalzDriverApp-Swift.a */,
			);
			name = Frameworks;
			sourceTree = "<group>";
		};
		65D2806320199902008615AD = {
			isa = PBXGroup;
			children = (
				65D2806E20199902008615AD /* SampleLocalzDriverApp-Swift */,
				65D2806D20199902008615AD /* Products */,
				CE5733012E45325147679102 /* Pods */,
				063A0A1F2260A34E675BF395 /* Frameworks */,
			);
			sourceTree = "<group>";
		};
		65D2806D20199902008615AD /* Products */ = {
			isa = PBXGroup;
			children = (
				65D2806C20199902008615AD /* SampleLocalzDriverApp-Swift.app */,
			);
			name = Products;
			sourceTree = "<group>";
		};
		65D2806E20199902008615AD /* SampleLocalzDriverApp-Swift */ = {
			isa = PBXGroup;
			children = (
				65D280822019A306008615AD /* SampleLocalzDriverApp-Swift.entitlements */,
				65D2806F20199902008615AD /* AppDelegate.swift */,
				65D2807120199902008615AD /* ViewController.swift */,
				65D2807320199903008615AD /* Main.storyboard */,
				65D2807620199903008615AD /* Assets.xcassets */,
				65D2807820199903008615AD /* LaunchScreen.storyboard */,
				65D2807B20199904008615AD /* Info.plist */,
				65D2808120199A0A008615AD /* BridgingHeader.h */,
			);
			path = "SampleLocalzDriverApp-Swift";
			sourceTree = "<group>";
		};
		CE5733012E45325147679102 /* Pods */ = {
			isa = PBXGroup;
			children = (
				F7880C97EAA1C0A7DA75DD2F /* Pods-SampleLocalzDriverApp-Swift.debug.xcconfig */,
				38B011993EEBB6B1773037AE /* Pods-SampleLocalzDriverApp-Swift.release.xcconfig */,
			);
			name = Pods;
			sourceTree = "<group>";
		};
/* End PBXGroup section */

/* Begin PBXNativeTarget section */
		65D2806B20199902008615AD /* SampleLocalzDriverApp-Swift */ = {
			isa = PBXNativeTarget;
			buildConfigurationList = 65D2807E20199904008615AD /* Build configuration list for PBXNativeTarget "SampleLocalzDriverApp-Swift" */;
			buildPhases = (
				B0A71C50059094204CC8D596 /* [CP] Check Pods Manifest.lock */,
				65D2806820199902008615AD /* Sources */,
				65D2806920199902008615AD /* Frameworks */,
				65D2806A20199902008615AD /* Resources */,
			);
			buildRules = (
			);
			dependencies = (
			);
			name = "SampleLocalzDriverApp-Swift";
			productName = "SampleLocalzDriverApp-Swift";
			productReference = 65D2806C20199902008615AD /* SampleLocalzDriverApp-Swift.app */;
			productType = "com.apple.product-type.application";
		};
/* End PBXNativeTarget section */

/* Begin PBXProject section */
		65D2806420199902008615AD /* Project object */ = {
			isa = PBXProject;
			attributes = {
				LastSwiftUpdateCheck = 0920;
				LastUpgradeCheck = 0930;
				ORGANIZATIONNAME = "Localz Pty Ltd";
				TargetAttributes = {
					65D2806B20199902008615AD = {
						CreatedOnToolsVersion = 9.2;
						ProvisioningStyle = Automatic;
						SystemCapabilities = {
							com.apple.BackgroundModes = {
								enabled = 1;
							};
							com.apple.Push = {
								enabled = 1;
							};
						};
					};
				};
			};
			buildConfigurationList = 65D2806720199902008615AD /* Build configuration list for PBXProject "SampleLocalzDriverApp-Swift" */;
			compatibilityVersion = "Xcode 8.0";
			developmentRegion = en;
			hasScannedForEncodings = 0;
			knownRegions = (
				en,
				Base,
			);
			mainGroup = 65D2806320199902008615AD;
			productRefGroup = 65D2806D20199902008615AD /* Products */;
			projectDirPath = "";
			projectRoot = "";
			targets = (
				65D2806B20199902008615AD /* SampleLocalzDriverApp-Swift */,
			);
		};
/* End PBXProject section */

/* Begin PBXResourcesBuildPhase section */
		65D2806A20199902008615AD /* Resources */ = {
			isa = PBXResourcesBuildPhase;
			buildActionMask = 2147483647;
			files = (
				65D2807A20199903008615AD /* LaunchScreen.storyboard in Resources */,
				65D2807720199903008615AD /* Assets.xcassets in Resources */,
				65D2807520199903008615AD /* Main.storyboard in Resources */,
			);
			runOnlyForDeploymentPostprocessing = 0;
		};
/* End PBXResourcesBuildPhase section */

/* Begin PBXShellScriptBuildPhase section */
		B0A71C50059094204CC8D596 /* [CP] Check Pods Manifest.lock */ = {
			isa = PBXShellScriptBuildPhase;
			buildActionMask = 2147483647;
			files = (
			);
			inputPaths = (
				"${PODS_PODFILE_DIR_PATH}/Podfile.lock",
				"${PODS_ROOT}/Manifest.lock",
			);
			name = "[CP] Check Pods Manifest.lock";
			outputPaths = (
				"$(DERIVED_FILE_DIR)/Pods-SampleLocalzDriverApp-Swift-checkManifestLockResult.txt",
			);
			runOnlyForDeploymentPostprocessing = 0;
			shellPath = /bin/sh;
			shellScript = "diff \"${PODS_PODFILE_DIR_PATH}/Podfile.lock\" \"${PODS_ROOT}/Manifest.lock\" > /dev/null\nif [ $? != 0 ] ; then\n    # print error to STDERR\n    echo \"error: The sandbox is not in sync with the Podfile.lock. Run 'pod install' or update your CocoaPods installation.\" >&2\n    exit 1\nfi\n# This output is used by Xcode 'outputs' to avoid re-running this script phase.\necho \"SUCCESS\" > \"${SCRIPT_OUTPUT_FILE_0}\"\n";
			showEnvVarsInLog = 0;
		};
/* End PBXShellScriptBuildPhase section */

/* Begin PBXSourcesBuildPhase section */
		65D2806820199902008615AD /* Sources */ = {
			isa = PBXSourcesBuildPhase;
			buildActionMask = 2147483647;
			files = (
				65D2807220199902008615AD /* ViewController.swift in Sources */,
				65D2807020199902008615AD /* AppDelegate.swift in Sources */,
			);
			runOnlyForDeploymentPostprocessing = 0;
		};
/* End PBXSourcesBuildPhase section */

/* Begin PBXVariantGroup section */
		65D2807320199903008615AD /* Main.storyboard */ = {
			isa = PBXVariantGroup;
			children = (
				65D2807420199903008615AD /* Base */,
			);
			name = Main.storyboard;
			sourceTree = "<group>";
		};
		65D2807820199903008615AD /* LaunchScreen.storyboard */ = {
			isa = PBXVariantGroup;
			children = (
				65D2807920199903008615AD /* Base */,
			);
			name = LaunchScreen.storyboard;
			sourceTree = "<group>";
		};
/* End PBXVariantGroup section */

/* Begin XCBuildConfiguration section */
		65D2807C20199904008615AD /* Debug */ = {
			isa = XCBuildConfiguration;
			buildSettings = {
				ALWAYS_SEARCH_USER_PATHS = NO;
				CLANG_ANALYZER_NONNULL = YES;
				CLANG_ANALYZER_NUMBER_OBJECT_CONVERSION = YES_AGGRESSIVE;
				CLANG_CXX_LANGUAGE_STANDARD = "gnu++14";
				CLANG_CXX_LIBRARY = "libc++";
				CLANG_ENABLE_MODULES = YES;
				CLANG_ENABLE_OBJC_ARC = YES;
				CLANG_WARN_BLOCK_CAPTURE_AUTORELEASING = YES;
				CLANG_WARN_BOOL_CONVERSION = YES;
				CLANG_WARN_COMMA = YES;
				CLANG_WARN_CONSTANT_CONVERSION = YES;
				CLANG_WARN_DEPRECATED_OBJC_IMPLEMENTATIONS = YES;
				CLANG_WARN_DIRECT_OBJC_ISA_USAGE = YES_ERROR;
				CLANG_WARN_DOCUMENTATION_COMMENTS = YES;
				CLANG_WARN_EMPTY_BODY = YES;
				CLANG_WARN_ENUM_CONVERSION = YES;
				CLANG_WARN_INFINITE_RECURSION = YES;
				CLANG_WARN_INT_CONVERSION = YES;
				CLANG_WARN_NON_LITERAL_NULL_CONVERSION = YES;
				CLANG_WARN_OBJC_IMPLICIT_RETAIN_SELF = YES;
				CLANG_WARN_OBJC_LITERAL_CONVERSION = YES;
				CLANG_WARN_OBJC_ROOT_CLASS = YES_ERROR;
				CLANG_WARN_RANGE_LOOP_ANALYSIS = YES;
				CLANG_WARN_STRICT_PROTOTYPES = YES;
				CLANG_WARN_SUSPICIOUS_MOVE = YES;
				CLANG_WARN_UNGUARDED_AVAILABILITY = YES_AGGRESSIVE;
				CLANG_WARN_UNREACHABLE_CODE = YES;
				CLANG_WARN__DUPLICATE_METHOD_MATCH = YES;
				CODE_SIGN_IDENTITY = "iPhone Developer";
				COPY_PHASE_STRIP = NO;
				DEBUG_INFORMATION_FORMAT = dwarf;
				ENABLE_STRICT_OBJC_MSGSEND = YES;
				ENABLE_TESTABILITY = YES;
				GCC_C_LANGUAGE_STANDARD = gnu11;
				GCC_DYNAMIC_NO_PIC = NO;
				GCC_NO_COMMON_BLOCKS = YES;
				GCC_OPTIMIZATION_LEVEL = 0;
				GCC_PREPROCESSOR_DEFINITIONS = (
					"DEBUG=1",
					"$(inherited)",
				);
				GCC_WARN_64_TO_32_BIT_CONVERSION = YES;
				GCC_WARN_ABOUT_RETURN_TYPE = YES_ERROR;
				GCC_WARN_UNDECLARED_SELECTOR = YES;
				GCC_WARN_UNINITIALIZED_AUTOS = YES_AGGRESSIVE;
				GCC_WARN_UNUSED_FUNCTION = YES;
				GCC_WARN_UNUSED_VARIABLE = YES;
				IPHONEOS_DEPLOYMENT_TARGET = 11.2;
				MTL_ENABLE_DEBUG_INFO = YES;
				ONLY_ACTIVE_ARCH = YES;
				SDKROOT = iphoneos;
				SWIFT_ACTIVE_COMPILATION_CONDITIONS = DEBUG;
				SWIFT_OPTIMIZATION_LEVEL = "-Onone";
			};
			name = Debug;
		};
		65D2807D20199904008615AD /* Release */ = {
			isa = XCBuildConfiguration;
			buildSettings = {
				ALWAYS_SEARCH_USER_PATHS = NO;
				CLANG_ANALYZER_NONNULL = YES;
				CLANG_ANALYZER_NUMBER_OBJECT_CONVERSION = YES_AGGRESSIVE;
				CLANG_CXX_LANGUAGE_STANDARD = "gnu++14";
				CLANG_CXX_LIBRARY = "libc++";
				CLANG_ENABLE_MODULES = YES;
				CLANG_ENABLE_OBJC_ARC = YES;
				CLANG_WARN_BLOCK_CAPTURE_AUTORELEASING = YES;
				CLANG_WARN_BOOL_CONVERSION = YES;
				CLANG_WARN_COMMA = YES;
				CLANG_WARN_CONSTANT_CONVERSION = YES;
				CLANG_WARN_DEPRECATED_OBJC_IMPLEMENTATIONS = YES;
				CLANG_WARN_DIRECT_OBJC_ISA_USAGE = YES_ERROR;
				CLANG_WARN_DOCUMENTATION_COMMENTS = YES;
				CLANG_WARN_EMPTY_BODY = YES;
				CLANG_WARN_ENUM_CONVERSION = YES;
				CLANG_WARN_INFINITE_RECURSION = YES;
				CLANG_WARN_INT_CONVERSION = YES;
				CLANG_WARN_NON_LITERAL_NULL_CONVERSION = YES;
				CLANG_WARN_OBJC_IMPLICIT_RETAIN_SELF = YES;
				CLANG_WARN_OBJC_LITERAL_CONVERSION = YES;
				CLANG_WARN_OBJC_ROOT_CLASS = YES_ERROR;
				CLANG_WARN_RANGE_LOOP_ANALYSIS = YES;
				CLANG_WARN_STRICT_PROTOTYPES = YES;
				CLANG_WARN_SUSPICIOUS_MOVE = YES;
				CLANG_WARN_UNGUARDED_AVAILABILITY = YES_AGGRESSIVE;
				CLANG_WARN_UNREACHABLE_CODE = YES;
				CLANG_WARN__DUPLICATE_METHOD_MATCH = YES;
				CODE_SIGN_IDENTITY = "iPhone Developer";
				COPY_PHASE_STRIP = NO;
				DEBUG_INFORMATION_FORMAT = "dwarf-with-dsym";
				ENABLE_NS_ASSERTIONS = NO;
				ENABLE_STRICT_OBJC_MSGSEND = YES;
				GCC_C_LANGUAGE_STANDARD = gnu11;
				GCC_NO_COMMON_BLOCKS = YES;
				GCC_WARN_64_TO_32_BIT_CONVERSION = YES;
				GCC_WARN_ABOUT_RETURN_TYPE = YES_ERROR;
				GCC_WARN_UNDECLARED_SELECTOR = YES;
				GCC_WARN_UNINITIALIZED_AUTOS = YES_AGGRESSIVE;
				GCC_WARN_UNUSED_FUNCTION = YES;
				GCC_WARN_UNUSED_VARIABLE = YES;
				IPHONEOS_DEPLOYMENT_TARGET = 11.2;
				MTL_ENABLE_DEBUG_INFO = NO;
				SDKROOT = iphoneos;
				SWIFT_OPTIMIZATION_LEVEL = "-Owholemodule";
				VALIDATE_PRODUCT = YES;
			};
			name = Release;
		};
		65D2807F20199904008615AD /* Debug */ = {
			isa = XCBuildConfiguration;
			baseConfigurationReference = F7880C97EAA1C0A7DA75DD2F /* Pods-SampleLocalzDriverApp-Swift.debug.xcconfig */;
			buildSettings = {
				ASSETCATALOG_COMPILER_APPICON_NAME = AppIcon;
				CODE_SIGN_ENTITLEMENTS = "SampleLocalzDriverApp-Swift/SampleLocalzDriverApp-Swift.entitlements";
				CODE_SIGN_STYLE = Automatic;
				DEVELOPMENT_TEAM = "";
				INFOPLIST_FILE = "SampleLocalzDriverApp-Swift/Info.plist";
				LD_RUNPATH_SEARCH_PATHS = "$(inherited) @executable_path/Frameworks";
				PRODUCT_BUNDLE_IDENTIFIER = "com.localz.SampleLocalzDriverApp-Swift";
				PRODUCT_NAME = "$(TARGET_NAME)";
				SWIFT_OBJC_BRIDGING_HEADER = "SampleLocalzDriverApp-Swift/BridgingHeader.h";
				SWIFT_VERSION = 4.0;
				TARGETED_DEVICE_FAMILY = "1,2";
			};
			name = Debug;
		};
		65D2808020199904008615AD /* Release */ = {
			isa = XCBuildConfiguration;
			baseConfigurationReference = 38B011993EEBB6B1773037AE /* Pods-SampleLocalzDriverApp-Swift.release.xcconfig */;
			buildSettings = {
				ASSETCATALOG_COMPILER_APPICON_NAME = AppIcon;
				CODE_SIGN_ENTITLEMENTS = "SampleLocalzDriverApp-Swift/SampleLocalzDriverApp-Swift.entitlements";
				CODE_SIGN_STYLE = Automatic;
				DEVELOPMENT_TEAM = "";
				INFOPLIST_FILE = "SampleLocalzDriverApp-Swift/Info.plist";
				LD_RUNPATH_SEARCH_PATHS = "$(inherited) @executable_path/Frameworks";
				PRODUCT_BUNDLE_IDENTIFIER = "com.localz.SampleLocalzDriverApp-Swift";
				PRODUCT_NAME = "$(TARGET_NAME)";
				SWIFT_OBJC_BRIDGING_HEADER = "SampleLocalzDriverApp-Swift/BridgingHeader.h";
				SWIFT_VERSION = 4.0;
				TARGETED_DEVICE_FAMILY = "1,2";
			};
			name = Release;
		};
/* End XCBuildConfiguration section */

/* Begin XCConfigurationList section */
		65D2806720199902008615AD /* Build configuration list for PBXProject "SampleLocalzDriverApp-Swift" */ = {
			isa = XCConfigurationList;
			buildConfigurations = (
				65D2807C20199904008615AD /* Debug */,
				65D2807D20199904008615AD /* Release */,
			);
			defaultConfigurationIsVisible = 0;
			defaultConfigurationName = Release;
		};
		65D2807E20199904008615AD /* Build configuration list for PBXNativeTarget "SampleLocalzDriverApp-Swift" */ = {
			isa = XCConfigurationList;
			buildConfigurations = (
				65D2807F20199904008615AD /* Debug */,
				65D2808020199904008615AD /* Release */,
			);
			defaultConfigurationIsVisible = 0;
			defaultConfigurationName = Release;
		};
/* End XCConfigurationList section */
	};
	rootObject = 65D2806420199902008615AD /* Project object */;
}
